
Microsoft Visual Studio Solution File, Format Version 12.00
# Visual Studio Version 16
VisualStudioVersion = 16.0.31402.337
MinimumVisualStudioVersion = 10.0.40219.1
Project("{FAE04EC0-301F-11D3-BF4B-00C04F79EFBC}") = "ConsoleApp8", "ConsoleApp8\ConsoleApp8.csproj", "{412A09F2-B1C9-4675-B903-3546F051F8C2}"
EndProject
Global
	GlobalSection(SolutionConfigurationPlatforms) = preSolution
		Debug|Any CPU = Debug|Any CPU
		Release|Any CPU = Release|Any CPU
	EndGlobalSection
	GlobalSection(ProjectConfigurationPlatforms) = postSolution
		{412A09F2-B1C9-4675-B903-3546F051F8C2}.Debug|Any CPU.ActiveCfg = Debug|Any CPU
		{412A09F2-B1C9-4675-B903-3546F051F8C2}.Debug|Any CPU.Build.0 = Debug|Any CPU
		{412A09F2-B1C9-4675-B903-3546F051F8C2}.Release|Any CPU.ActiveCfg = Release|Any CPU
		{412A09F2-B1C9-4675-B903-3546F051F8C2}.Release|Any CPU.Build.0 = Release|Any CPU
	EndGlobalSection
	GlobalSection(SolutionProperties) = preSolution
		HideSolutionNode = FALSE
	EndGlobalSection
	GlobalSection(ExtensibilityGlobals) = postSolution
		SolutionGuid = {DCB18B27-C707-4D99-8465-1415E33D2ECC}
	EndGlobalSection
EndGlobal
